
Microsoft Visual Studio Solution File, Format Version 12.00
# Visual Studio Version 16
VisualStudioVersion = 16.0.31829.152
MinimumVisualStudioVersion = 10.0.40219.1
Project("{9A19103F-16F7-4668-BE54-9A1E7A4F7556}") = "ScannergicAPI", "ScannergicAPI\ScannergicAPI.csproj", "{289607ED-7309-4922-B022-BC23F9D11507}"
EndProject
Project("{FAE04EC0-301F-11D3-BF4B-00C04F79EFBC}") = "TestScannergic", "TestScannergic\TestScannergic.csproj", "{45B105E9-3311-4B3F-B09C-BE1813878141}"
EndProject
Global
	GlobalSection(SolutionConfigurationPlatforms) = preSolution
		Debug|Any CPU = Debug|Any CPU
		Release|Any CPU = Release|Any CPU
	EndGlobalSection
	GlobalSection(ProjectConfigurationPlatforms) = postSolution
		{289607ED-7309-4922-B022-BC23F9D11507}.Debug|Any CPU.ActiveCfg = Debug|Any CPU
		{289607ED-7309-4922-B022-BC23F9D11507}.Debug|Any CPU.Build.0 = Debug|Any CPU
		{289607ED-7309-4922-B022-BC23F9D11507}.Release|Any CPU.ActiveCfg = Release|Any CPU
		{289607ED-7309-4922-B022-BC23F9D11507}.Release|Any CPU.Build.0 = Release|Any CPU
		{45B105E9-3311-4B3F-B09C-BE1813878141}.Debug|Any CPU.ActiveCfg = Debug|Any CPU
		{45B105E9-3311-4B3F-B09C-BE1813878141}.Debug|Any CPU.Build.0 = Debug|Any CPU
		{45B105E9-3311-4B3F-B09C-BE1813878141}.Release|Any CPU.ActiveCfg = Release|Any CPU
		{45B105E9-3311-4B3F-B09C-BE1813878141}.Release|Any CPU.Build.0 = Release|Any CPU
	EndGlobalSection
	GlobalSection(SolutionProperties) = preSolution
		HideSolutionNode = FALSE
	EndGlobalSection
	GlobalSection(ExtensibilityGlobals) = postSolution
		SolutionGuid = {9256F5F7-2D75-4C49-A951-6E035E1A46F9}
	EndGlobalSection
EndGlobal
